# Pinned uv version + SHA256 of the GitHub release tarballs (per arch).
# Update UV_VERSION, re-download both tarballs, record their sha256sums.
UV_VERSION=0.12.1
UV_SHA256_X86_64=90b2f223fb69d19db49e117da601f64978593417988530aa733d456141b4bcbb
UV_SHA256_AARCH64=769d373e146692c639b5fbaae33b331c297a32e03d30448772051902df52bbf4
